// !$*UTF8*$!
{
	archiveVersion = 1;
	classes = {
	};
	objectVersion = 77;
	objects = {

/* Begin PBXFileReference section */
		A0DAF0732F77E18B00099E19 /* M&L.html */ = {isa = PBXFileReference; lastKnownFileType = text.html; path = "M&L.html"; sourceTree = "<group>"; };
		A0DAF0742F77E22200099E19 /* WhatsApp Image 2026-03-26 at 8.10.36 PM (1).jpeg */ = {isa = PBXFileReference; lastKnownFileType = image.jpeg; path = "WhatsApp Image 2026-03-26 at 8.10.36 PM (1).jpeg"; sourceTree = "<group>"; };
/* End PBXFileReference section */

/* Begin PBXGroup section */
		A0DAF06C2F77E17400099E19 = {
			isa = PBXGroup;
			children = (
				A0DAF0732F77E18B00099E19 /* M&L.html */,
				A0DAF0742F77E22200099E19 /* WhatsApp Image 2026-03-26 at 8.10.36 PM (1).jpeg */,
			);
			sourceTree = "<group>";
		};
/* End PBXGroup section */

/* Begin PBXProject section */
		A0DAF06D2F77E17400099E19 /* Project object */ = {
			isa = PBXProject;
			attributes = {
				BuildIndependentTargetsInParallel = 1;
				LastUpgradeCheck = 1640;
			};
			buildConfigurationList = A0DAF0702F77E17400099E19 /* Build configuration list for PBXProject "M&L" */;
			developmentRegion = en;
			hasScannedForEncodings = 0;
			knownRegions = (
				en,
				Base,
			);
			mainGroup = A0DAF06C2F77E17400099E19;
			minimizedProjectReferenceProxies = 1;
			preferredProjectObjectVersion = 77;
			projectDirPath = "";
			projectRoot = "";
			targets = (
			);
		};
/* End PBXProject section */

/* Begin XCBuildConfiguration section */
		A0DAF0712F77E17400099E19 /* Debug */ = {
			isa = XCBuildConfiguration;
			buildSettings = {
			};
			name = Debug;
		};
		A0DAF0722F77E17400099E19 /* Release */ = {
			isa = XCBuildConfiguration;
			buildSettings = {
			};
			name = Release;
		};
/* End XCBuildConfiguration section */

/* Begin XCConfigurationList section */
		A0DAF0702F77E17400099E19 /* Build configuration list for PBXProject "M&L" */ = {
			isa = XCConfigurationList;
			buildConfigurations = (
				A0DAF0712F77E17400099E19 /* Debug */,
				A0DAF0722F77E17400099E19 /* Release */,
			);
			defaultConfigurationIsVisible = 0;
			defaultConfigurationName = Release;
		};
/* End XCConfigurationList section */
	};
	rootObject = A0DAF06D2F77E17400099E19 /* Project object */;
}
